
Microsoft Visual Studio Solution File, Format Version 12.00
# Visual Studio 15
VisualStudioVersion = 15.0.28010.2036
MinimumVisualStudioVersion = 10.0.40219.1
Project("{FAE04EC0-301F-11D3-BF4B-00C04F79EFBC}") = "FindMaximumValue", "FindMaximumValue\FindMaximumValue.csproj", "{0105E0F6-2484-4E63-AE48-93DAE6FB48F9}"
EndProject
Global
	GlobalSection(SolutionConfigurationPlatforms) = preSolution
		Debug|Any CPU = Debug|Any CPU
		Release|Any CPU = Release|Any CPU
	EndGlobalSection
	GlobalSection(ProjectConfigurationPlatforms) = postSolution
		{0105E0F6-2484-4E63-AE48-93DAE6FB48F9}.Debug|Any CPU.ActiveCfg = Debug|Any CPU
		{0105E0F6-2484-4E63-AE48-93DAE6FB48F9}.Debug|Any CPU.Build.0 = Debug|Any CPU
		{0105E0F6-2484-4E63-AE48-93DAE6FB48F9}.Release|Any CPU.ActiveCfg = Release|Any CPU
		{0105E0F6-2484-4E63-AE48-93DAE6FB48F9}.Release|Any CPU.Build.0 = Release|Any CPU
	EndGlobalSection
	GlobalSection(SolutionProperties) = preSolution
		HideSolutionNode = FALSE
	EndGlobalSection
	GlobalSection(ExtensibilityGlobals) = postSolution
		SolutionGuid = {35DF1EA4-C2AA-4AF9-B920-59C1BD1858E8}
	EndGlobalSection
EndGlobal
