
Microsoft Visual Studio Solution File, Format Version 12.00
# Visual Studio 15
VisualStudioVersion = 15.0.28307.168
MinimumVisualStudioVersion = 10.0.40219.1
Project("{FAE04EC0-301F-11D3-BF4B-00C04F79EFBC}") = "MajorityElement", "MajorityElement\MajorityElement.csproj", "{1CE9C8C8-D37B-4DAB-92A5-41AADCF13B96}"
EndProject
Global
	GlobalSection(SolutionConfigurationPlatforms) = preSolution
		Debug|Any CPU = Debug|Any CPU
		Release|Any CPU = Release|Any CPU
	EndGlobalSection
	GlobalSection(ProjectConfigurationPlatforms) = postSolution
		{1CE9C8C8-D37B-4DAB-92A5-41AADCF13B96}.Debug|Any CPU.ActiveCfg = Debug|Any CPU
		{1CE9C8C8-D37B-4DAB-92A5-41AADCF13B96}.Debug|Any CPU.Build.0 = Debug|Any CPU
		{1CE9C8C8-D37B-4DAB-92A5-41AADCF13B96}.Release|Any CPU.ActiveCfg = Release|Any CPU
		{1CE9C8C8-D37B-4DAB-92A5-41AADCF13B96}.Release|Any CPU.Build.0 = Release|Any CPU
	EndGlobalSection
	GlobalSection(SolutionProperties) = preSolution
		HideSolutionNode = FALSE
	EndGlobalSection
	GlobalSection(ExtensibilityGlobals) = postSolution
		SolutionGuid = {B141278F-D626-497A-9B22-C3A74761DA85}
	EndGlobalSection
EndGlobal
