
Microsoft Visual Studio Solution File, Format Version 12.00
# Visual Studio 15
VisualStudioVersion = 15.0.28010.2050
MinimumVisualStudioVersion = 10.0.40219.1
Project("{FAE04EC0-301F-11D3-BF4B-00C04F79EFBC}") = "InsertionSortAlgorithm", "InsertionSortAlgorithm\InsertionSortAlgorithm.csproj", "{1ACF8CD3-A1BC-4F53-90FF-B422435376C6}"
EndProject
Project("{FAE04EC0-301F-11D3-BF4B-00C04F79EFBC}") = "XUnitTestInsertionSort", "XUnitTestInsertionSort\XUnitTestInsertionSort.csproj", "{676E82B2-9F8B-47A2-87CA-812784E2EF2A}"
EndProject
Global
	GlobalSection(SolutionConfigurationPlatforms) = preSolution
		Debug|Any CPU = Debug|Any CPU
		Release|Any CPU = Release|Any CPU
	EndGlobalSection
	GlobalSection(ProjectConfigurationPlatforms) = postSolution
		{1ACF8CD3-A1BC-4F53-90FF-B422435376C6}.Debug|Any CPU.ActiveCfg = Debug|Any CPU
		{1ACF8CD3-A1BC-4F53-90FF-B422435376C6}.Debug|Any CPU.Build.0 = Debug|Any CPU
		{1ACF8CD3-A1BC-4F53-90FF-B422435376C6}.Release|Any CPU.ActiveCfg = Release|Any CPU
		{1ACF8CD3-A1BC-4F53-90FF-B422435376C6}.Release|Any CPU.Build.0 = Release|Any CPU
		{676E82B2-9F8B-47A2-87CA-812784E2EF2A}.Debug|Any CPU.ActiveCfg = Debug|Any CPU
		{676E82B2-9F8B-47A2-87CA-812784E2EF2A}.Debug|Any CPU.Build.0 = Debug|Any CPU
		{676E82B2-9F8B-47A2-87CA-812784E2EF2A}.Release|Any CPU.ActiveCfg = Release|Any CPU
		{676E82B2-9F8B-47A2-87CA-812784E2EF2A}.Release|Any CPU.Build.0 = Release|Any CPU
	EndGlobalSection
	GlobalSection(SolutionProperties) = preSolution
		HideSolutionNode = FALSE
	EndGlobalSection
	GlobalSection(ExtensibilityGlobals) = postSolution
		SolutionGuid = {E07D6F04-7B42-4E15-B132-3ADFBACD0EDB}
	EndGlobalSection
EndGlobal
