
Microsoft Visual Studio Solution File, Format Version 12.00
# Visual Studio 15
VisualStudioVersion = 15.0.28307.168
MinimumVisualStudioVersion = 10.0.40219.1
Project("{FAE04EC0-301F-11D3-BF4B-00C04F79EFBC}") = "SumBST", "SumBST\SumBST.csproj", "{2E20A27F-1D41-4C27-8FD1-BDBAF45740EB}"
EndProject
Global
	GlobalSection(SolutionConfigurationPlatforms) = preSolution
		Debug|Any CPU = Debug|Any CPU
		Release|Any CPU = Release|Any CPU
	EndGlobalSection
	GlobalSection(ProjectConfigurationPlatforms) = postSolution
		{2E20A27F-1D41-4C27-8FD1-BDBAF45740EB}.Debug|Any CPU.ActiveCfg = Debug|Any CPU
		{2E20A27F-1D41-4C27-8FD1-BDBAF45740EB}.Debug|Any CPU.Build.0 = Debug|Any CPU
		{2E20A27F-1D41-4C27-8FD1-BDBAF45740EB}.Release|Any CPU.ActiveCfg = Release|Any CPU
		{2E20A27F-1D41-4C27-8FD1-BDBAF45740EB}.Release|Any CPU.Build.0 = Release|Any CPU
	EndGlobalSection
	GlobalSection(SolutionProperties) = preSolution
		HideSolutionNode = FALSE
	EndGlobalSection
	GlobalSection(ExtensibilityGlobals) = postSolution
		SolutionGuid = {2E7EE7D9-D4A9-4083-AB66-56E2502E11A2}
	EndGlobalSection
EndGlobal
