
Microsoft Visual Studio Solution File, Format Version 12.00
# Visual Studio 15
VisualStudioVersion = 15.0.28010.2036
MinimumVisualStudioVersion = 10.0.40219.1
Project("{FAE04EC0-301F-11D3-BF4B-00C04F79EFBC}") = "fibonnaciSequence", "fibonnaciSequence\fibonnaciSequence.csproj", "{4FF53EC5-E66E-4C49-96DE-595EEE8F164B}"
EndProject
Global
	GlobalSection(SolutionConfigurationPlatforms) = preSolution
		Debug|Any CPU = Debug|Any CPU
		Release|Any CPU = Release|Any CPU
	EndGlobalSection
	GlobalSection(ProjectConfigurationPlatforms) = postSolution
		{4FF53EC5-E66E-4C49-96DE-595EEE8F164B}.Debug|Any CPU.ActiveCfg = Debug|Any CPU
		{4FF53EC5-E66E-4C49-96DE-595EEE8F164B}.Debug|Any CPU.Build.0 = Debug|Any CPU
		{4FF53EC5-E66E-4C49-96DE-595EEE8F164B}.Release|Any CPU.ActiveCfg = Release|Any CPU
		{4FF53EC5-E66E-4C49-96DE-595EEE8F164B}.Release|Any CPU.Build.0 = Release|Any CPU
	EndGlobalSection
	GlobalSection(SolutionProperties) = preSolution
		HideSolutionNode = FALSE
	EndGlobalSection
	GlobalSection(ExtensibilityGlobals) = postSolution
		SolutionGuid = {F1D05E69-AE68-4301-9F4A-E696A9C29E5B}
	EndGlobalSection
EndGlobal
