
Microsoft Visual Studio Solution File, Format Version 12.00
# Visual Studio 15
VisualStudioVersion = 15.0.28010.2050
MinimumVisualStudioVersion = 10.0.40219.1
Project("{FAE04EC0-301F-11D3-BF4B-00C04F79EFBC}") = "TreeIntersectionChallenge", "TreeIntersectionChallenge\TreeIntersectionChallenge.csproj", "{96AF32DE-2C2B-46E0-AC2A-96E6906BC15E}"
EndProject
Project("{FAE04EC0-301F-11D3-BF4B-00C04F79EFBC}") = "XUnitTestTreeIntersection", "XUnitTestTreeIntersection\XUnitTestTreeIntersection.csproj", "{34ACD600-7E07-47F0-B84C-FDED1706898E}"
EndProject
Global
	GlobalSection(SolutionConfigurationPlatforms) = preSolution
		Debug|Any CPU = Debug|Any CPU
		Release|Any CPU = Release|Any CPU
	EndGlobalSection
	GlobalSection(ProjectConfigurationPlatforms) = postSolution
		{96AF32DE-2C2B-46E0-AC2A-96E6906BC15E}.Debug|Any CPU.ActiveCfg = Debug|Any CPU
		{96AF32DE-2C2B-46E0-AC2A-96E6906BC15E}.Debug|Any CPU.Build.0 = Debug|Any CPU
		{96AF32DE-2C2B-46E0-AC2A-96E6906BC15E}.Release|Any CPU.ActiveCfg = Release|Any CPU
		{96AF32DE-2C2B-46E0-AC2A-96E6906BC15E}.Release|Any CPU.Build.0 = Release|Any CPU
		{34ACD600-7E07-47F0-B84C-FDED1706898E}.Debug|Any CPU.ActiveCfg = Debug|Any CPU
		{34ACD600-7E07-47F0-B84C-FDED1706898E}.Debug|Any CPU.Build.0 = Debug|Any CPU
		{34ACD600-7E07-47F0-B84C-FDED1706898E}.Release|Any CPU.ActiveCfg = Release|Any CPU
		{34ACD600-7E07-47F0-B84C-FDED1706898E}.Release|Any CPU.Build.0 = Release|Any CPU
	EndGlobalSection
	GlobalSection(SolutionProperties) = preSolution
		HideSolutionNode = FALSE
	EndGlobalSection
	GlobalSection(ExtensibilityGlobals) = postSolution
		SolutionGuid = {23D369D7-EDF9-40B7-A52E-4CA07AD4F4AE}
	EndGlobalSection
EndGlobal
