
Microsoft Visual Studio Solution File, Format Version 12.00
# Visual Studio 15
VisualStudioVersion = 15.0.28010.2036
MinimumVisualStudioVersion = 10.0.40219.1
Project("{FAE04EC0-301F-11D3-BF4B-00C04F79EFBC}") = "FIFOAnimalShelter", "FIFOAnimalShelter\FIFOAnimalShelter.csproj", "{60BF81B8-6C6A-4F7B-8364-5835E0A4D3F0}"
EndProject
Project("{FAE04EC0-301F-11D3-BF4B-00C04F79EFBC}") = "XUnitTestFIFOAnimalShelter", "XUnitTestFIFOAnimalShelter\XUnitTestFIFOAnimalShelter.csproj", "{2E42298D-0739-4471-A3DE-09A7023015B3}"
EndProject
Global
	GlobalSection(SolutionConfigurationPlatforms) = preSolution
		Debug|Any CPU = Debug|Any CPU
		Release|Any CPU = Release|Any CPU
	EndGlobalSection
	GlobalSection(ProjectConfigurationPlatforms) = postSolution
		{60BF81B8-6C6A-4F7B-8364-5835E0A4D3F0}.Debug|Any CPU.ActiveCfg = Debug|Any CPU
		{60BF81B8-6C6A-4F7B-8364-5835E0A4D3F0}.Debug|Any CPU.Build.0 = Debug|Any CPU
		{60BF81B8-6C6A-4F7B-8364-5835E0A4D3F0}.Release|Any CPU.ActiveCfg = Release|Any CPU
		{60BF81B8-6C6A-4F7B-8364-5835E0A4D3F0}.Release|Any CPU.Build.0 = Release|Any CPU
		{2E42298D-0739-4471-A3DE-09A7023015B3}.Debug|Any CPU.ActiveCfg = Debug|Any CPU
		{2E42298D-0739-4471-A3DE-09A7023015B3}.Debug|Any CPU.Build.0 = Debug|Any CPU
		{2E42298D-0739-4471-A3DE-09A7023015B3}.Release|Any CPU.ActiveCfg = Release|Any CPU
		{2E42298D-0739-4471-A3DE-09A7023015B3}.Release|Any CPU.Build.0 = Release|Any CPU
	EndGlobalSection
	GlobalSection(SolutionProperties) = preSolution
		HideSolutionNode = FALSE
	EndGlobalSection
	GlobalSection(ExtensibilityGlobals) = postSolution
		SolutionGuid = {9C7D4CB2-7AC7-4D2E-BFD4-87798ADAF4A8}
	EndGlobalSection
EndGlobal
