
Microsoft Visual Studio Solution File, Format Version 12.00
# Visual Studio 15
VisualStudioVersion = 15.0.28010.2036
MinimumVisualStudioVersion = 10.0.40219.1
Project("{FAE04EC0-301F-11D3-BF4B-00C04F79EFBC}") = "LKthFromEnd", "LKthFromEnd\LKthFromEnd.csproj", "{52D0D764-BB80-430E-B570-0C5D3BC4A54A}"
EndProject
Global
	GlobalSection(SolutionConfigurationPlatforms) = preSolution
		Debug|Any CPU = Debug|Any CPU
		Release|Any CPU = Release|Any CPU
	EndGlobalSection
	GlobalSection(ProjectConfigurationPlatforms) = postSolution
		{52D0D764-BB80-430E-B570-0C5D3BC4A54A}.Debug|Any CPU.ActiveCfg = Debug|Any CPU
		{52D0D764-BB80-430E-B570-0C5D3BC4A54A}.Debug|Any CPU.Build.0 = Debug|Any CPU
		{52D0D764-BB80-430E-B570-0C5D3BC4A54A}.Release|Any CPU.ActiveCfg = Release|Any CPU
		{52D0D764-BB80-430E-B570-0C5D3BC4A54A}.Release|Any CPU.Build.0 = Release|Any CPU
	EndGlobalSection
	GlobalSection(SolutionProperties) = preSolution
		HideSolutionNode = FALSE
	EndGlobalSection
	GlobalSection(ExtensibilityGlobals) = postSolution
		SolutionGuid = {65CE82F7-A652-49AC-94C1-F5E99C89C373}
	EndGlobalSection
EndGlobal
