
Microsoft Visual Studio Solution File, Format Version 12.00
# Visual Studio 15
VisualStudioVersion = 15.0.28010.2036
MinimumVisualStudioVersion = 10.0.40219.1
Project("{FAE04EC0-301F-11D3-BF4B-00C04F79EFBC}") = "StackAndQueue", "StackAndQueue\StackAndQueue.csproj", "{4F46F073-FFC6-4578-ADD1-F28149AB077D}"
EndProject
Project("{FAE04EC0-301F-11D3-BF4B-00C04F79EFBC}") = "XUnitTestStackAndQueue", "XUnitTestStackAndQueue\XUnitTestStackAndQueue.csproj", "{78AF5B97-B5CA-4554-95C3-F9E90FF6546E}"
EndProject
Global
	GlobalSection(SolutionConfigurationPlatforms) = preSolution
		Debug|Any CPU = Debug|Any CPU
		Release|Any CPU = Release|Any CPU
	EndGlobalSection
	GlobalSection(ProjectConfigurationPlatforms) = postSolution
		{4F46F073-FFC6-4578-ADD1-F28149AB077D}.Debug|Any CPU.ActiveCfg = Debug|Any CPU
		{4F46F073-FFC6-4578-ADD1-F28149AB077D}.Debug|Any CPU.Build.0 = Debug|Any CPU
		{4F46F073-FFC6-4578-ADD1-F28149AB077D}.Release|Any CPU.ActiveCfg = Release|Any CPU
		{4F46F073-FFC6-4578-ADD1-F28149AB077D}.Release|Any CPU.Build.0 = Release|Any CPU
		{78AF5B97-B5CA-4554-95C3-F9E90FF6546E}.Debug|Any CPU.ActiveCfg = Debug|Any CPU
		{78AF5B97-B5CA-4554-95C3-F9E90FF6546E}.Debug|Any CPU.Build.0 = Debug|Any CPU
		{78AF5B97-B5CA-4554-95C3-F9E90FF6546E}.Release|Any CPU.ActiveCfg = Release|Any CPU
		{78AF5B97-B5CA-4554-95C3-F9E90FF6546E}.Release|Any CPU.Build.0 = Release|Any CPU
	EndGlobalSection
	GlobalSection(SolutionProperties) = preSolution
		HideSolutionNode = FALSE
	EndGlobalSection
	GlobalSection(ExtensibilityGlobals) = postSolution
		SolutionGuid = {75FBC113-67E9-437D-A43C-10B2FDCF871F}
	EndGlobalSection
EndGlobal
